
Microsoft Visual Studio Solution File, Format Version 12.00
# Visual Studio Version 17
VisualStudioVersion = 17.0.31808.319
MinimumVisualStudioVersion = 10.0.40219.1
Project("{2150E333-8FDC-42A3-9474-1A3956D46DE8}") = "src", "src", "{8737E16E-E4BD-4BF0-9C89-9E206DDD46FD}"
EndProject
Project("{2150E333-8FDC-42A3-9474-1A3956D46DE8}") = "Domain", "Domain", "{A972EC01-DDB1-4817-A1F9-9AEDDF404913}"
EndProject
Project("{2150E333-8FDC-42A3-9474-1A3956D46DE8}") = "Application", "Application", "{519FA1E7-5640-4782-9F26-C2C5D6F72128}"
EndProject
Project("{2150E333-8FDC-42A3-9474-1A3956D46DE8}") = "Infrastructure", "Infrastructure", "{97E97B00-CCC6-474D-8C71-B7653EF446F7}"
EndProject
Project("{2150E333-8FDC-42A3-9474-1A3956D46DE8}") = "UI", "UI", "{AEFAFB5E-83E6-4591-8E02-CB85962DFF0B}"
EndProject
Project("{9A19103F-16F7-4668-BE54-9A1E7A4F7556}") = "Seiri.Client", "src\UI\Seiri.Client\Seiri.Client.csproj", "{B0B79B76-7225-4F57-A9F5-2757799EE58C}"
EndProject
Project("{2150E333-8FDC-42A3-9474-1A3956D46DE8}") = "Solution Items", "Solution Items", "{D4CEC1CF-0411-49C5-AB2C-40BAFB5BC459}"
	ProjectSection(SolutionItems) = preProject
		.editorconfig = .editorconfig
		.runsettings = .runsettings
		azure-pipelines.yml = azure-pipelines.yml
		Directory.Build.props = Directory.Build.props
		NuGet.config = NuGet.config
		README.md = README.md
	EndProjectSection
EndProject
Project("{9A19103F-16F7-4668-BE54-9A1E7A4F7556}") = "Seiri.Domain", "Seiri.Domain\Seiri.Domain.csproj", "{D79C7107-7BE4-458A-876F-FABF9E35342F}"
EndProject
Project("{9A19103F-16F7-4668-BE54-9A1E7A4F7556}") = "Seiri.Application", "Seiri.Application\Seiri.Application.csproj", "{F10BF346-9F68-42C7-A8B5-863D593AC98A}"
EndProject
Project("{9A19103F-16F7-4668-BE54-9A1E7A4F7556}") = "Seiri.Infrastructure", "Seiri.Infrastructure\Seiri.Infrastructure.csproj", "{1D49CDD9-85E2-4C11-AC38-112476970C4B}"
EndProject
Project("{2150E333-8FDC-42A3-9474-1A3956D46DE8}") = "Prism", "Prism", "{5FB812A4-02C1-46F1-B7F2-585C8760B093}"
EndProject
Project("{2150E333-8FDC-42A3-9474-1A3956D46DE8}") = "src", "src", "{79290FFD-699E-4CA2-9993-170CD72BCA7E}"
EndProject
Project("{9A19103F-16F7-4668-BE54-9A1E7A4F7556}") = "Prism.DryIoc.Maui", "Prism\src\Prism.DryIoc.Maui\Prism.DryIoc.Maui.csproj", "{A8A6A59C-50EA-4446-9E9C-54F3565C8D57}"
EndProject
Project("{D954291E-2A0B-460D-934E-DC6B0785DB48}") = "Prism.DryIoc.Shared", "Prism\src\Prism.DryIoc.Shared\Prism.DryIoc.Shared.shproj", "{6E7EC81D-DA39-4C4F-A898-0148558C34F4}"
EndProject
Project("{9A19103F-16F7-4668-BE54-9A1E7A4F7556}") = "Prism.Maui", "Prism\src\Prism.Maui\Prism.Maui.csproj", "{1334C092-9083-4A04-9A07-C6791016E16E}"
EndProject
Project("{9A19103F-16F7-4668-BE54-9A1E7A4F7556}") = "Prism.Maui.Rx", "Prism\src\Prism.Maui.Rx\Prism.Maui.Rx.csproj", "{05A2660A-AAEA-4F2B-A524-4047FE702047}"
EndProject
Global
	GlobalSection(SolutionConfigurationPlatforms) = preSolution
		Debug|Any CPU = Debug|Any CPU
		Release|Any CPU = Release|Any CPU
	EndGlobalSection
	GlobalSection(ProjectConfigurationPlatforms) = postSolution
		{B0B79B76-7225-4F57-A9F5-2757799EE58C}.Debug|Any CPU.ActiveCfg = Debug|Any CPU
		{B0B79B76-7225-4F57-A9F5-2757799EE58C}.Debug|Any CPU.Build.0 = Debug|Any CPU
		{B0B79B76-7225-4F57-A9F5-2757799EE58C}.Debug|Any CPU.Deploy.0 = Debug|Any CPU
		{B0B79B76-7225-4F57-A9F5-2757799EE58C}.Release|Any CPU.ActiveCfg = Release|Any CPU
		{B0B79B76-7225-4F57-A9F5-2757799EE58C}.Release|Any CPU.Build.0 = Release|Any CPU
		{D79C7107-7BE4-458A-876F-FABF9E35342F}.Debug|Any CPU.ActiveCfg = Debug|Any CPU
		{D79C7107-7BE4-458A-876F-FABF9E35342F}.Debug|Any CPU.Build.0 = Debug|Any CPU
		{D79C7107-7BE4-458A-876F-FABF9E35342F}.Release|Any CPU.ActiveCfg = Release|Any CPU
		{D79C7107-7BE4-458A-876F-FABF9E35342F}.Release|Any CPU.Build.0 = Release|Any CPU
		{F10BF346-9F68-42C7-A8B5-863D593AC98A}.Debug|Any CPU.ActiveCfg = Debug|Any CPU
		{F10BF346-9F68-42C7-A8B5-863D593AC98A}.Debug|Any CPU.Build.0 = Debug|Any CPU
		{F10BF346-9F68-42C7-A8B5-863D593AC98A}.Release|Any CPU.ActiveCfg = Release|Any CPU
		{F10BF346-9F68-42C7-A8B5-863D593AC98A}.Release|Any CPU.Build.0 = Release|Any CPU
		{1D49CDD9-85E2-4C11-AC38-112476970C4B}.Debug|Any CPU.ActiveCfg = Debug|Any CPU
		{1D49CDD9-85E2-4C11-AC38-112476970C4B}.Debug|Any CPU.Build.0 = Debug|Any CPU
		{1D49CDD9-85E2-4C11-AC38-112476970C4B}.Release|Any CPU.ActiveCfg = Release|Any CPU
		{1D49CDD9-85E2-4C11-AC38-112476970C4B}.Release|Any CPU.Build.0 = Release|Any CPU
		{A8A6A59C-50EA-4446-9E9C-54F3565C8D57}.Debug|Any CPU.ActiveCfg = Debug|Any CPU
		{A8A6A59C-50EA-4446-9E9C-54F3565C8D57}.Debug|Any CPU.Build.0 = Debug|Any CPU
		{A8A6A59C-50EA-4446-9E9C-54F3565C8D57}.Release|Any CPU.ActiveCfg = Release|Any CPU
		{A8A6A59C-50EA-4446-9E9C-54F3565C8D57}.Release|Any CPU.Build.0 = Release|Any CPU
		{1334C092-9083-4A04-9A07-C6791016E16E}.Debug|Any CPU.ActiveCfg = Debug|Any CPU
		{1334C092-9083-4A04-9A07-C6791016E16E}.Debug|Any CPU.Build.0 = Debug|Any CPU
		{1334C092-9083-4A04-9A07-C6791016E16E}.Release|Any CPU.ActiveCfg = Release|Any CPU
		{1334C092-9083-4A04-9A07-C6791016E16E}.Release|Any CPU.Build.0 = Release|Any CPU
		{05A2660A-AAEA-4F2B-A524-4047FE702047}.Debug|Any CPU.ActiveCfg = Debug|Any CPU
		{05A2660A-AAEA-4F2B-A524-4047FE702047}.Debug|Any CPU.Build.0 = Debug|Any CPU
		{05A2660A-AAEA-4F2B-A524-4047FE702047}.Release|Any CPU.ActiveCfg = Release|Any CPU
		{05A2660A-AAEA-4F2B-A524-4047FE702047}.Release|Any CPU.Build.0 = Release|Any CPU
	EndGlobalSection
	GlobalSection(SolutionProperties) = preSolution
		HideSolutionNode = FALSE
	EndGlobalSection
	GlobalSection(NestedProjects) = preSolution
		{A972EC01-DDB1-4817-A1F9-9AEDDF404913} = {8737E16E-E4BD-4BF0-9C89-9E206DDD46FD}
		{519FA1E7-5640-4782-9F26-C2C5D6F72128} = {8737E16E-E4BD-4BF0-9C89-9E206DDD46FD}
		{97E97B00-CCC6-474D-8C71-B7653EF446F7} = {8737E16E-E4BD-4BF0-9C89-9E206DDD46FD}
		{AEFAFB5E-83E6-4591-8E02-CB85962DFF0B} = {8737E16E-E4BD-4BF0-9C89-9E206DDD46FD}
		{B0B79B76-7225-4F57-A9F5-2757799EE58C} = {AEFAFB5E-83E6-4591-8E02-CB85962DFF0B}
		{D79C7107-7BE4-458A-876F-FABF9E35342F} = {A972EC01-DDB1-4817-A1F9-9AEDDF404913}
		{F10BF346-9F68-42C7-A8B5-863D593AC98A} = {519FA1E7-5640-4782-9F26-C2C5D6F72128}
		{1D49CDD9-85E2-4C11-AC38-112476970C4B} = {97E97B00-CCC6-474D-8C71-B7653EF446F7}
		{79290FFD-699E-4CA2-9993-170CD72BCA7E} = {5FB812A4-02C1-46F1-B7F2-585C8760B093}
		{A8A6A59C-50EA-4446-9E9C-54F3565C8D57} = {79290FFD-699E-4CA2-9993-170CD72BCA7E}
		{6E7EC81D-DA39-4C4F-A898-0148558C34F4} = {79290FFD-699E-4CA2-9993-170CD72BCA7E}
		{1334C092-9083-4A04-9A07-C6791016E16E} = {79290FFD-699E-4CA2-9993-170CD72BCA7E}
		{05A2660A-AAEA-4F2B-A524-4047FE702047} = {79290FFD-699E-4CA2-9993-170CD72BCA7E}
	EndGlobalSection
	GlobalSection(ExtensibilityGlobals) = postSolution
		SolutionGuid = {A2E58120-4D6C-49D8-B8BC-C0FBEA681CA8}
	EndGlobalSection
	GlobalSection(SharedMSBuildProjectFiles) = preSolution
		Prism\src\Prism.DryIoc.Shared\Prism.DryIoc.Shared.projitems*{6e7ec81d-da39-4c4f-a898-0148558c34f4}*SharedItemsImports = 13
		Prism\src\Prism.DryIoc.Shared\Prism.DryIoc.Shared.projitems*{a8a6a59c-50ea-4446-9e9c-54f3565c8d57}*SharedItemsImports = 5
	EndGlobalSection
EndGlobal
